// !$*UTF8*$!
{
	archiveVersion = 1;
	classes = {
	};
	objectVersion = 50;
	objects = {

/* Begin PBXBuildFile section */
		F71386EB253FE7F800E2D2B9 /* Block.swift in Sources */ = {isa = PBXBuildFile; fileRef = F71386EA253FE7F800E2D2B9 /* Block.swift */; };
		F723105F2547CF32006ED3D5 /* Enemy.swift in Sources */ = {isa = PBXBuildFile; fileRef = F723105E2547CF32006ED3D5 /* Enemy.swift */; };
		F72310622547D977006ED3D5 /* Popup.swift in Sources */ = {isa = PBXBuildFile; fileRef = F72310612547D977006ED3D5 /* Popup.swift */; };
		F744311924FCC4A600835E18 /* Default-568h@2x.png in Resources */ = {isa = PBXBuildFile; fileRef = F744311824FCC4A600835E18 /* Default-568h@2x.png */; };
		F744311C24FCC67500835E18 /* GameCamera.swift in Sources */ = {isa = PBXBuildFile; fileRef = F744311B24FCC67500835E18 /* GameCamera.swift */; };
		F744311E24FE0A4400835E18 /* Configuration.swift in Sources */ = {isa = PBXBuildFile; fileRef = F744311D24FE0A4400835E18 /* Configuration.swift */; };
		F744312024FE130500835E18 /* Bird.swift in Sources */ = {isa = PBXBuildFile; fileRef = F744311F24FE130500835E18 /* Bird.swift */; };
		F7527CD024F4DD9600F50CFA /* AppDelegate.swift in Sources */ = {isa = PBXBuildFile; fileRef = F7527CCF24F4DD9600F50CFA /* AppDelegate.swift */; };
		F7527CD224F4DD9600F50CFA /* GameScene_1.sks in Resources */ = {isa = PBXBuildFile; fileRef = F7527CD124F4DD9600F50CFA /* GameScene_1.sks */; };
		F7527CD624F4DD9600F50CFA /* GameScene.swift in Sources */ = {isa = PBXBuildFile; fileRef = F7527CD524F4DD9600F50CFA /* GameScene.swift */; };
		F7527CD824F4DD9600F50CFA /* GameViewController.swift in Sources */ = {isa = PBXBuildFile; fileRef = F7527CD724F4DD9600F50CFA /* GameViewController.swift */; };
		F7527CDB24F4DD9600F50CFA /* Main.storyboard in Resources */ = {isa = PBXBuildFile; fileRef = F7527CD924F4DD9600F50CFA /* Main.storyboard */; };
		F7527CDD24F4DD9800F50CFA /* Assets.xcassets in Resources */ = {isa = PBXBuildFile; fileRef = F7527CDC24F4DD9800F50CFA /* Assets.xcassets */; };
		F7527CE024F4DD9800F50CFA /* LaunchScreen.storyboard in Resources */ = {isa = PBXBuildFile; fileRef = F7527CDE24F4DD9800F50CFA /* LaunchScreen.storyboard */; };
		F7527CE824F4E02900F50CFA /* BirdTileSet.sks in Resources */ = {isa = PBXBuildFile; fileRef = F7527CE724F4E02900F50CFA /* BirdTileSet.sks */; };
		F7BBD97725413E5E005F88AA /* SKNode+Extensions.swift in Sources */ = {isa = PBXBuildFile; fileRef = F7BBD97625413E5E005F88AA /* SKNode+Extensions.swift */; };
		F7BBD97A25413FD6005F88AA /* MenuScene.swift in Sources */ = {isa = PBXBuildFile; fileRef = F7BBD97925413FD6005F88AA /* MenuScene.swift */; };
		F7BBD97D25413FEF005F88AA /* LevelScene.swift in Sources */ = {isa = PBXBuildFile; fileRef = F7BBD97C25413FEF005F88AA /* LevelScene.swift */; };
		F7BBD980254143D3005F88AA /* SpriteKitButton.swift in Sources */ = {isa = PBXBuildFile; fileRef = F7BBD97F254143D3005F88AA /* SpriteKitButton.swift */; };
		F7BBD9872544D702005F88AA /* GameScene_2.sks in Resources */ = {isa = PBXBuildFile; fileRef = F7BBD9862544D702005F88AA /* GameScene_2.sks */; };
		F7BBD98A2544D730005F88AA /* GameScene_3.sks in Resources */ = {isa = PBXBuildFile; fileRef = F7BBD9892544D730005F88AA /* GameScene_3.sks */; };
		F7BBD98E2544D7F2005F88AA /* AnimationHelper.swift in Sources */ = {isa = PBXBuildFile; fileRef = F7BBD98D2544D7F2005F88AA /* AnimationHelper.swift */; };
		F7BBD9922544E4F4005F88AA /* Levels.plist in Resources */ = {isa = PBXBuildFile; fileRef = F7BBD9912544E4F4005F88AA /* Levels.plist */; };
		F7BBD9952544E713005F88AA /* LevelData.swift in Sources */ = {isa = PBXBuildFile; fileRef = F7BBD9942544E713005F88AA /* LevelData.swift */; };
/* End PBXBuildFile section */

/* Begin PBXFileReference section */
		F71386EA253FE7F800E2D2B9 /* Block.swift */ = {isa = PBXFileReference; lastKnownFileType = sourcecode.swift; path = Block.swift; sourceTree = "<group>"; };
		F723105E2547CF32006ED3D5 /* Enemy.swift */ = {isa = PBXFileReference; lastKnownFileType = sourcecode.swift; path = Enemy.swift; sourceTree = "<group>"; };
		F72310612547D977006ED3D5 /* Popup.swift */ = {isa = PBXFileReference; lastKnownFileType = sourcecode.swift; path = Popup.swift; sourceTree = "<group>"; };
		F744311824FCC4A600835E18 /* Default-568h@2x.png */ = {isa = PBXFileReference; lastKnownFileType = image.png; path = "Default-568h@2x.png"; sourceTree = "<group>"; };
		F744311B24FCC67500835E18 /* GameCamera.swift */ = {isa = PBXFileReference; lastKnownFileType = sourcecode.swift; path = GameCamera.swift; sourceTree = "<group>"; };
		F744311D24FE0A4400835E18 /* Configuration.swift */ = {isa = PBXFileReference; lastKnownFileType = sourcecode.swift; path = Configuration.swift; sourceTree = "<group>"; };
		F744311F24FE130500835E18 /* Bird.swift */ = {isa = PBXFileReference; lastKnownFileType = sourcecode.swift; path = Bird.swift; sourceTree = "<group>"; };
		F7527CCC24F4DD9600F50CFA /* wild-birds.app */ = {isa = PBXFileReference; explicitFileType = wrapper.application; includeInIndex = 0; path = "wild-birds.app"; sourceTree = BUILT_PRODUCTS_DIR; };
		F7527CCF24F4DD9600F50CFA /* AppDelegate.swift */ = {isa = PBXFileReference; lastKnownFileType = sourcecode.swift; path = AppDelegate.swift; sourceTree = "<group>"; };
		F7527CD124F4DD9600F50CFA /* GameScene_1.sks */ = {isa = PBXFileReference; lastKnownFileType = file.sks; path = GameScene_1.sks; sourceTree = "<group>"; };
		F7527CD524F4DD9600F50CFA /* GameScene.swift */ = {isa = PBXFileReference; lastKnownFileType = sourcecode.swift; path = GameScene.swift; sourceTree = "<group>"; };
		F7527CD724F4DD9600F50CFA /* GameViewController.swift */ = {isa = PBXFileReference; lastKnownFileType = sourcecode.swift; path = GameViewController.swift; sourceTree = "<group>"; };
		F7527CDA24F4DD9600F50CFA /* Base */ = {isa = PBXFileReference; lastKnownFileType = file.storyboard; name = Base; path = Base.lproj/Main.storyboard; sourceTree = "<group>"; };
		F7527CDC24F4DD9800F50CFA /* Assets.xcassets */ = {isa = PBXFileReference; lastKnownFileType = folder.assetcatalog; path = Assets.xcassets; sourceTree = "<group>"; };
		F7527CDF24F4DD9800F50CFA /* Base */ = {isa = PBXFileReference; lastKnownFileType = file.storyboard; name = Base; path = Base.lproj/LaunchScreen.storyboard; sourceTree = "<group>"; };
		F7527CE124F4DD9800F50CFA /* Info.plist */ = {isa = PBXFileReference; lastKnownFileType = text.plist.xml; path = Info.plist; sourceTree = "<group>"; };
		F7527CE724F4E02900F50CFA /* BirdTileSet.sks */ = {isa = PBXFileReference; lastKnownFileType = file.sks; path = BirdTileSet.sks; sourceTree = "<group>"; };
		F7BBD97625413E5E005F88AA /* SKNode+Extensions.swift */ = {isa = PBXFileReference; lastKnownFileType = sourcecode.swift; path = "SKNode+Extensions.swift"; sourceTree = "<group>"; };
		F7BBD97925413FD6005F88AA /* MenuScene.swift */ = {isa = PBXFileReference; lastKnownFileType = sourcecode.swift; path = MenuScene.swift; sourceTree = "<group>"; };
		F7BBD97C25413FEF005F88AA /* LevelScene.swift */ = {isa = PBXFileReference; lastKnownFileType = sourcecode.swift; path = LevelScene.swift; sourceTree = "<group>"; };
		F7BBD97F254143D3005F88AA /* SpriteKitButton.swift */ = {isa = PBXFileReference; fileEncoding = 4; lastKnownFileType = sourcecode.swift; path = SpriteKitButton.swift; sourceTree = "<group>"; };
		F7BBD9862544D702005F88AA /* GameScene_2.sks */ = {isa = PBXFileReference; lastKnownFileType = file.sks; path = GameScene_2.sks; sourceTree = "<group>"; };
		F7BBD9892544D730005F88AA /* GameScene_3.sks */ = {isa = PBXFileReference; lastKnownFileType = file.sks; path = GameScene_3.sks; sourceTree = "<group>"; };
		F7BBD98D2544D7F2005F88AA /* AnimationHelper.swift */ = {isa = PBXFileReference; lastKnownFileType = sourcecode.swift; path = AnimationHelper.swift; sourceTree = "<group>"; };
		F7BBD9912544E4F4005F88AA /* Levels.plist */ = {isa = PBXFileReference; lastKnownFileType = text.plist.xml; path = Levels.plist; sourceTree = "<group>"; };
		F7BBD9942544E713005F88AA /* LevelData.swift */ = {isa = PBXFileReference; lastKnownFileType = sourcecode.swift; path = LevelData.swift; sourceTree = "<group>"; };
/* End PBXFileReference section */

/* Begin PBXFrameworksBuildPhase section */
		F7527CC924F4DD9600F50CFA /* Frameworks */ = {
			isa = PBXFrameworksBuildPhase;
			buildActionMask = 2147483647;
			files = (
			);
			runOnlyForDeploymentPostprocessing = 0;
		};
/* End PBXFrameworksBuildPhase section */

/* Begin PBXGroup section */
		F744311324F634C700835E18 /* UI */ = {
			isa = PBXGroup;
			children = (
				F7527CD924F4DD9600F50CFA /* Main.storyboard */,
				F7527CDC24F4DD9800F50CFA /* Assets.xcassets */,
				F7527CDE24F4DD9800F50CFA /* LaunchScreen.storyboard */,
			);
			path = UI;
			sourceTree = "<group>";
		};
		F744311424F634D400835E18 /* Scenes */ = {
			isa = PBXGroup;
			children = (
				F7527CD524F4DD9600F50CFA /* GameScene.swift */,
				F7BBD97925413FD6005F88AA /* MenuScene.swift */,
				F7BBD97C25413FEF005F88AA /* LevelScene.swift */,
			);
			path = Scenes;
			sourceTree = "<group>";
		};
		F744311524F634F800835E18 /* TileSets */ = {
			isa = PBXGroup;
			children = (
				F7527CE724F4E02900F50CFA /* BirdTileSet.sks */,
			);
			path = TileSets;
			sourceTree = "<group>";
		};
		F744311624F6352900835E18 /* Template */ = {
			isa = PBXGroup;
			children = (
				F7527CCF24F4DD9600F50CFA /* AppDelegate.swift */,
				F744311D24FE0A4400835E18 /* Configuration.swift */,
			);
			path = Template;
			sourceTree = "<group>";
		};
		F744311724F6354100835E18 /* ViewController */ = {
			isa = PBXGroup;
			children = (
				F7527CD724F4DD9600F50CFA /* GameViewController.swift */,
			);
			path = ViewController;
			sourceTree = "<group>";
		};
		F744311A24FCC63C00835E18 /* CustomNodes */ = {
			isa = PBXGroup;
			children = (
				F7BBD97F254143D3005F88AA /* SpriteKitButton.swift */,
				F744311B24FCC67500835E18 /* GameCamera.swift */,
				F744311F24FE130500835E18 /* Bird.swift */,
				F71386EA253FE7F800E2D2B9 /* Block.swift */,
				F723105E2547CF32006ED3D5 /* Enemy.swift */,
				F72310612547D977006ED3D5 /* Popup.swift */,
			);
			path = CustomNodes;
			sourceTree = "<group>";
		};
		F7527CC324F4DD9600F50CFA = {
			isa = PBXGroup;
			children = (
				F744311824FCC4A600835E18 /* Default-568h@2x.png */,
				F7527CCE24F4DD9600F50CFA /* wild-birds */,
				F7527CCD24F4DD9600F50CFA /* Products */,
			);
			sourceTree = "<group>";
		};
		F7527CCD24F4DD9600F50CFA /* Products */ = {
			isa = PBXGroup;
			children = (
				F7527CCC24F4DD9600F50CFA /* wild-birds.app */,
			);
			name = Products;
			sourceTree = "<group>";
		};
		F7527CCE24F4DD9600F50CFA /* wild-birds */ = {
			isa = PBXGroup;
			children = (
				F7BBD98C2544D7E0005F88AA /* Helper Files */,
				F7BBD98425414B8F005F88AA /* Levels */,
				F7BBD97525413E31005F88AA /* Extensions */,
				F7527CE124F4DD9800F50CFA /* Info.plist */,
				F744311A24FCC63C00835E18 /* CustomNodes */,
				F744311524F634F800835E18 /* TileSets */,
				F744311324F634C700835E18 /* UI */,
				F744311424F634D400835E18 /* Scenes */,
				F744311724F6354100835E18 /* ViewController */,
				F744311624F6352900835E18 /* Template */,
			);
			path = "wild-birds";
			sourceTree = "<group>";
		};
		F7BBD97525413E31005F88AA /* Extensions */ = {
			isa = PBXGroup;
			children = (
				F7BBD97625413E5E005F88AA /* SKNode+Extensions.swift */,
			);
			path = Extensions;
			sourceTree = "<group>";
		};
		F7BBD98425414B8F005F88AA /* Levels */ = {
			isa = PBXGroup;
			children = (
				F7527CD124F4DD9600F50CFA /* GameScene_1.sks */,
				F7BBD9862544D702005F88AA /* GameScene_2.sks */,
				F7BBD9892544D730005F88AA /* GameScene_3.sks */,
				F7BBD9912544E4F4005F88AA /* Levels.plist */,
			);
			path = Levels;
			sourceTree = "<group>";
		};
		F7BBD98C2544D7E0005F88AA /* Helper Files */ = {
			isa = PBXGroup;
			children = (
				F7BBD98D2544D7F2005F88AA /* AnimationHelper.swift */,
				F7BBD9942544E713005F88AA /* LevelData.swift */,
			);
			path = "Helper Files";
			sourceTree = "<group>";
		};
/* End PBXGroup section */

/* Begin PBXNativeTarget section */
		F7527CCB24F4DD9600F50CFA /* wild-birds */ = {
			isa = PBXNativeTarget;
			buildConfigurationList = F7527CE424F4DD9800F50CFA /* Build configuration list for PBXNativeTarget "wild-birds" */;
			buildPhases = (
				F7527CC824F4DD9600F50CFA /* Sources */,
				F7527CC924F4DD9600F50CFA /* Frameworks */,
				F7527CCA24F4DD9600F50CFA /* Resources */,
			);
			buildRules = (
			);
			dependencies = (
			);
			name = "wild-birds";
			productName = "wild-birds";
			productReference = F7527CCC24F4DD9600F50CFA /* wild-birds.app */;
			productType = "com.apple.product-type.application";
		};
/* End PBXNativeTarget section */

/* Begin PBXProject section */
		F7527CC424F4DD9600F50CFA /* Project object */ = {
			isa = PBXProject;
			attributes = {
				LastSwiftUpdateCheck = 1160;
				LastUpgradeCheck = 1160;
				ORGANIZATIONNAME = CodeRoger;
				TargetAttributes = {
					F7527CCB24F4DD9600F50CFA = {
						CreatedOnToolsVersion = 11.6;
					};
				};
			};
			buildConfigurationList = F7527CC724F4DD9600F50CFA /* Build configuration list for PBXProject "wild-birds" */;
			compatibilityVersion = "Xcode 9.3";
			developmentRegion = en;
			hasScannedForEncodings = 0;
			knownRegions = (
				en,
				Base,
			);
			mainGroup = F7527CC324F4DD9600F50CFA;
			productRefGroup = F7527CCD24F4DD9600F50CFA /* Products */;
			projectDirPath = "";
			projectRoot = "";
			targets = (
				F7527CCB24F4DD9600F50CFA /* wild-birds */,
			);
		};
/* End PBXProject section */

/* Begin PBXResourcesBuildPhase section */
		F7527CCA24F4DD9600F50CFA /* Resources */ = {
			isa = PBXResourcesBuildPhase;
			buildActionMask = 2147483647;
			files = (
				F7BBD98A2544D730005F88AA /* GameScene_3.sks in Resources */,
				F7527CE824F4E02900F50CFA /* BirdTileSet.sks in Resources */,
				F7527CDB24F4DD9600F50CFA /* Main.storyboard in Resources */,
				F7527CD224F4DD9600F50CFA /* GameScene_1.sks in Resources */,
				F7527CDD24F4DD9800F50CFA /* Assets.xcassets in Resources */,
				F7527CE024F4DD9800F50CFA /* LaunchScreen.storyboard in Resources */,
				F7BBD9872544D702005F88AA /* GameScene_2.sks in Resources */,
				F744311924FCC4A600835E18 /* Default-568h@2x.png in Resources */,
				F7BBD9922544E4F4005F88AA /* Levels.plist in Resources */,
			);
			runOnlyForDeploymentPostprocessing = 0;
		};
/* End PBXResourcesBuildPhase section */

/* Begin PBXSourcesBuildPhase section */
		F7527CC824F4DD9600F50CFA /* Sources */ = {
			isa = PBXSourcesBuildPhase;
			buildActionMask = 2147483647;
			files = (
				F723105F2547CF32006ED3D5 /* Enemy.swift in Sources */,
				F7BBD9952544E713005F88AA /* LevelData.swift in Sources */,
				F7527CD624F4DD9600F50CFA /* GameScene.swift in Sources */,
				F7BBD97725413E5E005F88AA /* SKNode+Extensions.swift in Sources */,
				F71386EB253FE7F800E2D2B9 /* Block.swift in Sources */,
				F7BBD97A25413FD6005F88AA /* MenuScene.swift in Sources */,
				F7BBD980254143D3005F88AA /* SpriteKitButton.swift in Sources */,
				F744311E24FE0A4400835E18 /* Configuration.swift in Sources */,
				F7527CD824F4DD9600F50CFA /* GameViewController.swift in Sources */,
				F744311C24FCC67500835E18 /* GameCamera.swift in Sources */,
				F7BBD98E2544D7F2005F88AA /* AnimationHelper.swift in Sources */,
				F744312024FE130500835E18 /* Bird.swift in Sources */,
				F72310622547D977006ED3D5 /* Popup.swift in Sources */,
				F7527CD024F4DD9600F50CFA /* AppDelegate.swift in Sources */,
				F7BBD97D25413FEF005F88AA /* LevelScene.swift in Sources */,
			);
			runOnlyForDeploymentPostprocessing = 0;
		};
/* End PBXSourcesBuildPhase section */

/* Begin PBXVariantGroup section */
		F7527CD924F4DD9600F50CFA /* Main.storyboard */ = {
			isa = PBXVariantGroup;
			children = (
				F7527CDA24F4DD9600F50CFA /* Base */,
			);
			name = Main.storyboard;
			sourceTree = "<group>";
		};
		F7527CDE24F4DD9800F50CFA /* LaunchScreen.storyboard */ = {
			isa = PBXVariantGroup;
			children = (
				F7527CDF24F4DD9800F50CFA /* Base */,
			);
			name = LaunchScreen.storyboard;
			sourceTree = "<group>";
		};
/* End PBXVariantGroup section */

/* Begin XCBuildConfiguration section */
		F7527CE224F4DD9800F50CFA /* Debug */ = {
			isa = XCBuildConfiguration;
			buildSettings = {
				ALWAYS_SEARCH_USER_PATHS = NO;
				CLANG_ANALYZER_NONNULL = YES;
				CLANG_ANALYZER_NUMBER_OBJECT_CONVERSION = YES_AGGRESSIVE;
				CLANG_CXX_LANGUAGE_STANDARD = "gnu++14";
				CLANG_CXX_LIBRARY = "libc++";
				CLANG_ENABLE_MODULES = YES;
				CLANG_ENABLE_OBJC_ARC = YES;
				CLANG_ENABLE_OBJC_WEAK = YES;
				CLANG_WARN_BLOCK_CAPTURE_AUTORELEASING = YES;
				CLANG_WARN_BOOL_CONVERSION = YES;
				CLANG_WARN_COMMA = YES;
				CLANG_WARN_CONSTANT_CONVERSION = YES;
				CLANG_WARN_DEPRECATED_OBJC_IMPLEMENTATIONS = YES;
				CLANG_WARN_DIRECT_OBJC_ISA_USAGE = YES_ERROR;
				CLANG_WARN_DOCUMENTATION_COMMENTS = YES;
				CLANG_WARN_EMPTY_BODY = YES;
				CLANG_WARN_ENUM_CONVERSION = YES;
				CLANG_WARN_INFINITE_RECURSION = YES;
				CLANG_WARN_INT_CONVERSION = YES;
				CLANG_WARN_NON_LITERAL_NULL_CONVERSION = YES;
				CLANG_WARN_OBJC_IMPLICIT_RETAIN_SELF = YES;
				CLANG_WARN_OBJC_LITERAL_CONVERSION = YES;
				CLANG_WARN_OBJC_ROOT_CLASS = YES_ERROR;
				CLANG_WARN_RANGE_LOOP_ANALYSIS = YES;
				CLANG_WARN_STRICT_PROTOTYPES = YES;
				CLANG_WARN_SUSPICIOUS_MOVE = YES;
				CLANG_WARN_UNGUARDED_AVAILABILITY = YES_AGGRESSIVE;
				CLANG_WARN_UNREACHABLE_CODE = YES;
				CLANG_WARN__DUPLICATE_METHOD_MATCH = YES;
				COPY_PHASE_STRIP = NO;
				DEBUG_INFORMATION_FORMAT = dwarf;
				ENABLE_STRICT_OBJC_MSGSEND = YES;
				ENABLE_TESTABILITY = YES;
				GCC_C_LANGUAGE_STANDARD = gnu11;
				GCC_DYNAMIC_NO_PIC = NO;
				GCC_NO_COMMON_BLOCKS = YES;
				GCC_OPTIMIZATION_LEVEL = 0;
				GCC_PREPROCESSOR_DEFINITIONS = (
					"DEBUG=1",
					"$(inherited)",
				);
				GCC_WARN_64_TO_32_BIT_CONVERSION = YES;
				GCC_WARN_ABOUT_RETURN_TYPE = YES_ERROR;
				GCC_WARN_UNDECLARED_SELECTOR = YES;
				GCC_WARN_UNINITIALIZED_AUTOS = YES_AGGRESSIVE;
				GCC_WARN_UNUSED_FUNCTION = YES;
				GCC_WARN_UNUSED_VARIABLE = YES;
				IPHONEOS_DEPLOYMENT_TARGET = 13.6;
				MTL_ENABLE_DEBUG_INFO = INCLUDE_SOURCE;
				MTL_FAST_MATH = YES;
				ONLY_ACTIVE_ARCH = YES;
				SDKROOT = iphoneos;
				SWIFT_ACTIVE_COMPILATION_CONDITIONS = DEBUG;
				SWIFT_OPTIMIZATION_LEVEL = "-Onone";
			};
			name = Debug;
		};
		F7527CE324F4DD9800F50CFA /* Release */ = {
			isa = XCBuildConfiguration;
			buildSettings = {
				ALWAYS_SEARCH_USER_PATHS = NO;
				CLANG_ANALYZER_NONNULL = YES;
				CLANG_ANALYZER_NUMBER_OBJECT_CONVERSION = YES_AGGRESSIVE;
				CLANG_CXX_LANGUAGE_STANDARD = "gnu++14";
				CLANG_CXX_LIBRARY = "libc++";
				CLANG_ENABLE_MODULES = YES;
				CLANG_ENABLE_OBJC_ARC = YES;
				CLANG_ENABLE_OBJC_WEAK = YES;
				CLANG_WARN_BLOCK_CAPTURE_AUTORELEASING = YES;
				CLANG_WARN_BOOL_CONVERSION = YES;
				CLANG_WARN_COMMA = YES;
				CLANG_WARN_CONSTANT_CONVERSION = YES;
				CLANG_WARN_DEPRECATED_OBJC_IMPLEMENTATIONS = YES;
				CLANG_WARN_DIRECT_OBJC_ISA_USAGE = YES_ERROR;
				CLANG_WARN_DOCUMENTATION_COMMENTS = YES;
				CLANG_WARN_EMPTY_BODY = YES;
				CLANG_WARN_ENUM_CONVERSION = YES;
				CLANG_WARN_INFINITE_RECURSION = YES;
				CLANG_WARN_INT_CONVERSION = YES;
				CLANG_WARN_NON_LITERAL_NULL_CONVERSION = YES;
				CLANG_WARN_OBJC_IMPLICIT_RETAIN_SELF = YES;
				CLANG_WARN_OBJC_LITERAL_CONVERSION = YES;
				CLANG_WARN_OBJC_ROOT_CLASS = YES_ERROR;
				CLANG_WARN_RANGE_LOOP_ANALYSIS = YES;
				CLANG_WARN_STRICT_PROTOTYPES = YES;
				CLANG_WARN_SUSPICIOUS_MOVE = YES;
				CLANG_WARN_UNGUARDED_AVAILABILITY = YES_AGGRESSIVE;
				CLANG_WARN_UNREACHABLE_CODE = YES;
				CLANG_WARN__DUPLICATE_METHOD_MATCH = YES;
				COPY_PHASE_STRIP = NO;
				DEBUG_INFORMATION_FORMAT = "dwarf-with-dsym";
				ENABLE_NS_ASSERTIONS = NO;
				ENABLE_STRICT_OBJC_MSGSEND = YES;
				GCC_C_LANGUAGE_STANDARD = gnu11;
				GCC_NO_COMMON_BLOCKS = YES;
				GCC_WARN_64_TO_32_BIT_CONVERSION = YES;
				GCC_WARN_ABOUT_RETURN_TYPE = YES_ERROR;
				GCC_WARN_UNDECLARED_SELECTOR = YES;
				GCC_WARN_UNINITIALIZED_AUTOS = YES_AGGRESSIVE;
				GCC_WARN_UNUSED_FUNCTION = YES;
				GCC_WARN_UNUSED_VARIABLE = YES;
				IPHONEOS_DEPLOYMENT_TARGET = 13.6;
				MTL_ENABLE_DEBUG_INFO = NO;
				MTL_FAST_MATH = YES;
				SDKROOT = iphoneos;
				SWIFT_COMPILATION_MODE = wholemodule;
				SWIFT_OPTIMIZATION_LEVEL = "-O";
				VALIDATE_PRODUCT = YES;
			};
			name = Release;
		};
		F7527CE524F4DD9800F50CFA /* Debug */ = {
			isa = XCBuildConfiguration;
			buildSettings = {
				ASSETCATALOG_COMPILER_APPICON_NAME = AppIcon;
				CODE_SIGN_STYLE = Automatic;
				DEVELOPMENT_TEAM = 4L55929VA9;
				INFOPLIST_FILE = "wild-birds/Info.plist";
				LD_RUNPATH_SEARCH_PATHS = (
					"$(inherited)",
					"@executable_path/Frameworks",
				);
				PRODUCT_BUNDLE_IDENTIFIER = "rogerprz.wild-birds";
				PRODUCT_NAME = "$(TARGET_NAME)";
				SWIFT_VERSION = 5.0;
				TARGETED_DEVICE_FAMILY = "1,2";
			};
			name = Debug;
		};
		F7527CE624F4DD9800F50CFA /* Release */ = {
			isa = XCBuildConfiguration;
			buildSettings = {
				ASSETCATALOG_COMPILER_APPICON_NAME = AppIcon;
				CODE_SIGN_STYLE = Automatic;
				DEVELOPMENT_TEAM = 4L55929VA9;
				INFOPLIST_FILE = "wild-birds/Info.plist";
				LD_RUNPATH_SEARCH_PATHS = (
					"$(inherited)",
					"@executable_path/Frameworks",
				);
				PRODUCT_BUNDLE_IDENTIFIER = "rogerprz.wild-birds";
				PRODUCT_NAME = "$(TARGET_NAME)";
				SWIFT_VERSION = 5.0;
				TARGETED_DEVICE_FAMILY = "1,2";
			};
			name = Release;
		};
/* End XCBuildConfiguration section */

/* Begin XCConfigurationList section */
		F7527CC724F4DD9600F50CFA /* Build configuration list for PBXProject "wild-birds" */ = {
			isa = XCConfigurationList;
			buildConfigurations = (
				F7527CE224F4DD9800F50CFA /* Debug */,
				F7527CE324F4DD9800F50CFA /* Release */,
			);
			defaultConfigurationIsVisible = 0;
			defaultConfigurationName = Release;
		};
		F7527CE424F4DD9800F50CFA /* Build configuration list for PBXNativeTarget "wild-birds" */ = {
			isa = XCConfigurationList;
			buildConfigurations = (
				F7527CE524F4DD9800F50CFA /* Debug */,
				F7527CE624F4DD9800F50CFA /* Release */,
			);
			defaultConfigurationIsVisible = 0;
			defaultConfigurationName = Release;
		};
/* End XCConfigurationList section */
	};
	rootObject = F7527CC424F4DD9600F50CFA /* Project object */;
}
